
Microsoft Visual Studio Solution File, Format Version 12.00
# Visual Studio 15
VisualStudioVersion = 15.0.28307.572
MinimumVisualStudioVersion = 10.0.40219.1
Project("{FAE04EC0-301F-11D3-BF4B-00C04F79EFBC}") = "ASSIGN3", "ASSIGN3\ASSIGN3.csproj", "{3EEA4A66-DD7D-4F11-BB78-979D48854E54}"
EndProject
Global
	GlobalSection(SolutionConfigurationPlatforms) = preSolution
		Debug|Any CPU = Debug|Any CPU
		Release|Any CPU = Release|Any CPU
	EndGlobalSection
	GlobalSection(ProjectConfigurationPlatforms) = postSolution
		{3EEA4A66-DD7D-4F11-BB78-979D48854E54}.Debug|Any CPU.ActiveCfg = Debug|Any CPU
		{3EEA4A66-DD7D-4F11-BB78-979D48854E54}.Debug|Any CPU.Build.0 = Debug|Any CPU
		{3EEA4A66-DD7D-4F11-BB78-979D48854E54}.Release|Any CPU.ActiveCfg = Release|Any CPU
		{3EEA4A66-DD7D-4F11-BB78-979D48854E54}.Release|Any CPU.Build.0 = Release|Any CPU
	EndGlobalSection
	GlobalSection(SolutionProperties) = preSolution
		HideSolutionNode = FALSE
	EndGlobalSection
	GlobalSection(ExtensibilityGlobals) = postSolution
		SolutionGuid = {6A389F0C-38BE-4034-822E-250E9EA2B145}
	EndGlobalSection
EndGlobal
